// !$*UTF8*$!
{
	archiveVersion = 1;
	classes = {
	};
	objectVersion = 55;
	objects = {

/* Begin PBXBuildFile section */
		76C96E7027568A9C006DFAF9 /* WatchWithiPhoneApp.swift in Sources */ = {isa = PBXBuildFile; fileRef = 76C96E6F27568A9C006DFAF9 /* WatchWithiPhoneApp.swift */; };
		76C96E7227568A9C006DFAF9 /* ContentView.swift in Sources */ = {isa = PBXBuildFile; fileRef = 76C96E7127568A9C006DFAF9 /* ContentView.swift */; };
		76C96E7427568A9E006DFAF9 /* Assets.xcassets in Resources */ = {isa = PBXBuildFile; fileRef = 76C96E7327568A9E006DFAF9 /* Assets.xcassets */; };
		76C96E7727568A9E006DFAF9 /* Preview Assets.xcassets in Resources */ = {isa = PBXBuildFile; fileRef = 76C96E7627568A9E006DFAF9 /* Preview Assets.xcassets */; };
		76C96E7B27568A9E006DFAF9 /* WatchWithiPhone WatchKit App.app in Embed Watch Content */ = {isa = PBXBuildFile; fileRef = 76C96E7A27568A9E006DFAF9 /* WatchWithiPhone WatchKit App.app */; settings = {ATTRIBUTES = (RemoveHeadersOnCopy, ); }; };
		76C96E8027568A9F006DFAF9 /* Assets.xcassets in Resources */ = {isa = PBXBuildFile; fileRef = 76C96E7F27568A9F006DFAF9 /* Assets.xcassets */; };
		76C96E8627568A9F006DFAF9 /* WatchWithiPhone WatchKit Extension.appex in Embed App Extensions */ = {isa = PBXBuildFile; fileRef = 76C96E8527568A9F006DFAF9 /* WatchWithiPhone WatchKit Extension.appex */; settings = {ATTRIBUTES = (RemoveHeadersOnCopy, ); }; };
		76C96E8B27568A9F006DFAF9 /* WatchWithiPhoneApp.swift in Sources */ = {isa = PBXBuildFile; fileRef = 76C96E8A27568A9F006DFAF9 /* WatchWithiPhoneApp.swift */; };
		76C96E8F27568A9F006DFAF9 /* NotificationController.swift in Sources */ = {isa = PBXBuildFile; fileRef = 76C96E8E27568A9F006DFAF9 /* NotificationController.swift */; };
		76C96E9127568A9F006DFAF9 /* NotificationView.swift in Sources */ = {isa = PBXBuildFile; fileRef = 76C96E9027568A9F006DFAF9 /* NotificationView.swift */; };
		76C96E9327568A9F006DFAF9 /* ComplicationController.swift in Sources */ = {isa = PBXBuildFile; fileRef = 76C96E9227568A9F006DFAF9 /* ComplicationController.swift */; };
		76C96E9527568AA0006DFAF9 /* Assets.xcassets in Resources */ = {isa = PBXBuildFile; fileRef = 76C96E9427568AA0006DFAF9 /* Assets.xcassets */; };
		76C96E9827568AA0006DFAF9 /* Preview Assets.xcassets in Resources */ = {isa = PBXBuildFile; fileRef = 76C96E9727568AA0006DFAF9 /* Preview Assets.xcassets */; };
		76C96EBA2756A7D0006DFAF9 /* JokeService.swift in Sources */ = {isa = PBXBuildFile; fileRef = 76C96EB92756A7D0006DFAF9 /* JokeService.swift */; };
		76C96EBB2756A7D0006DFAF9 /* JokeService.swift in Sources */ = {isa = PBXBuildFile; fileRef = 76C96EB92756A7D0006DFAF9 /* JokeService.swift */; };
		76C96EBC2756B077006DFAF9 /* ContentView.swift in Sources */ = {isa = PBXBuildFile; fileRef = 76C96E7127568A9C006DFAF9 /* ContentView.swift */; };
		76C96EC42756BDFB006DFAF9 /* WidgetKit.framework in Frameworks */ = {isa = PBXBuildFile; fileRef = 76C96EC32756BDFB006DFAF9 /* WidgetKit.framework */; platformFilter = maccatalyst; };
		76C96EC62756BDFB006DFAF9 /* SwiftUI.framework in Frameworks */ = {isa = PBXBuildFile; fileRef = 76C96EC52756BDFB006DFAF9 /* SwiftUI.framework */; platformFilter = maccatalyst; };
		76C96EC92756BDFB006DFAF9 /* StairWidget.swift in Sources */ = {isa = PBXBuildFile; fileRef = 76C96EC82756BDFB006DFAF9 /* StairWidget.swift */; };
		76C96ECC2756BDFD006DFAF9 /* Assets.xcassets in Resources */ = {isa = PBXBuildFile; fileRef = 76C96ECB2756BDFD006DFAF9 /* Assets.xcassets */; };
		76C96ECE2756BDFD006DFAF9 /* StairWidget.intentdefinition in Sources */ = {isa = PBXBuildFile; fileRef = 76C96ECA2756BDFB006DFAF9 /* StairWidget.intentdefinition */; };
		76C96ECF2756BDFD006DFAF9 /* StairWidget.intentdefinition in Sources */ = {isa = PBXBuildFile; fileRef = 76C96ECA2756BDFB006DFAF9 /* StairWidget.intentdefinition */; };
		76C96ED22756BDFD006DFAF9 /* StairWidgetExtension.appex in Embed App Extensions */ = {isa = PBXBuildFile; fileRef = 76C96EC12756BDFB006DFAF9 /* StairWidgetExtension.appex */; settings = {ATTRIBUTES = (RemoveHeadersOnCopy, ); }; };
/* End PBXBuildFile section */

/* Begin PBXContainerItemProxy section */
		76C96E7C27568A9E006DFAF9 /* PBXContainerItemProxy */ = {
			isa = PBXContainerItemProxy;
			containerPortal = 76C96E6427568A9B006DFAF9 /* Project object */;
			proxyType = 1;
			remoteGlobalIDString = 76C96E7927568A9E006DFAF9;
			remoteInfo = "WatchWithiPhone WatchKit App";
		};
		76C96E8727568A9F006DFAF9 /* PBXContainerItemProxy */ = {
			isa = PBXContainerItemProxy;
			containerPortal = 76C96E6427568A9B006DFAF9 /* Project object */;
			proxyType = 1;
			remoteGlobalIDString = 76C96E8427568A9F006DFAF9;
			remoteInfo = "WatchWithiPhone WatchKit Extension";
		};
		76C96ED02756BDFD006DFAF9 /* PBXContainerItemProxy */ = {
			isa = PBXContainerItemProxy;
			containerPortal = 76C96E6427568A9B006DFAF9 /* Project object */;
			proxyType = 1;
			remoteGlobalIDString = 76C96EC02756BDFB006DFAF9;
			remoteInfo = StairWidgetExtension;
		};
/* End PBXContainerItemProxy section */

/* Begin PBXCopyFilesBuildPhase section */
		7684D15C2758098F00FCEBB1 /* Embed App Clips */ = {
			isa = PBXCopyFilesBuildPhase;
			buildActionMask = 2147483647;
			dstPath = "$(CONTENTS_FOLDER_PATH)/AppClips";
			dstSubfolderSpec = 16;
			files = (
			);
			name = "Embed App Clips";
			runOnlyForDeploymentPostprocessing = 0;
		};
		76C96EA027568AA0006DFAF9 /* Embed App Extensions */ = {
			isa = PBXCopyFilesBuildPhase;
			buildActionMask = 2147483647;
			dstPath = "";
			dstSubfolderSpec = 13;
			files = (
				76C96E8627568A9F006DFAF9 /* WatchWithiPhone WatchKit Extension.appex in Embed App Extensions */,
			);
			name = "Embed App Extensions";
			runOnlyForDeploymentPostprocessing = 0;
		};
		76C96EA427568AA0006DFAF9 /* Embed Watch Content */ = {
			isa = PBXCopyFilesBuildPhase;
			buildActionMask = 2147483647;
			dstPath = "$(CONTENTS_FOLDER_PATH)/Watch";
			dstSubfolderSpec = 16;
			files = (
				76C96E7B27568A9E006DFAF9 /* WatchWithiPhone WatchKit App.app in Embed Watch Content */,
			);
			name = "Embed Watch Content";
			runOnlyForDeploymentPostprocessing = 0;
		};
		76C96ED62756BDFD006DFAF9 /* Embed App Extensions */ = {
			isa = PBXCopyFilesBuildPhase;
			buildActionMask = 2147483647;
			dstPath = "";
			dstSubfolderSpec = 13;
			files = (
				76C96ED22756BDFD006DFAF9 /* StairWidgetExtension.appex in Embed App Extensions */,
			);
			name = "Embed App Extensions";
			runOnlyForDeploymentPostprocessing = 0;
		};
/* End PBXCopyFilesBuildPhase section */

/* Begin PBXFileReference section */
		7684D1452756D16B00FCEBB1 /* Info.plist */ = {isa = PBXFileReference; lastKnownFileType = text.plist; path = Info.plist; sourceTree = "<group>"; };
		76C96E6C27568A9C006DFAF9 /* WatchWithiPhone.app */ = {isa = PBXFileReference; explicitFileType = wrapper.application; includeInIndex = 0; path = WatchWithiPhone.app; sourceTree = BUILT_PRODUCTS_DIR; };
		76C96E6F27568A9C006DFAF9 /* WatchWithiPhoneApp.swift */ = {isa = PBXFileReference; lastKnownFileType = sourcecode.swift; path = WatchWithiPhoneApp.swift; sourceTree = "<group>"; };
		76C96E7127568A9C006DFAF9 /* ContentView.swift */ = {isa = PBXFileReference; lastKnownFileType = sourcecode.swift; path = ContentView.swift; sourceTree = "<group>"; };
		76C96E7327568A9E006DFAF9 /* Assets.xcassets */ = {isa = PBXFileReference; lastKnownFileType = folder.assetcatalog; path = Assets.xcassets; sourceTree = "<group>"; };
		76C96E7627568A9E006DFAF9 /* Preview Assets.xcassets */ = {isa = PBXFileReference; lastKnownFileType = folder.assetcatalog; path = "Preview Assets.xcassets"; sourceTree = "<group>"; };
		76C96E7A27568A9E006DFAF9 /* WatchWithiPhone WatchKit App.app */ = {isa = PBXFileReference; explicitFileType = wrapper.application; includeInIndex = 0; path = "WatchWithiPhone WatchKit App.app"; sourceTree = BUILT_PRODUCTS_DIR; };
		76C96E7F27568A9F006DFAF9 /* Assets.xcassets */ = {isa = PBXFileReference; lastKnownFileType = folder.assetcatalog; path = Assets.xcassets; sourceTree = "<group>"; };
		76C96E8527568A9F006DFAF9 /* WatchWithiPhone WatchKit Extension.appex */ = {isa = PBXFileReference; explicitFileType = "wrapper.app-extension"; includeInIndex = 0; path = "WatchWithiPhone WatchKit Extension.appex"; sourceTree = BUILT_PRODUCTS_DIR; };
		76C96E8A27568A9F006DFAF9 /* WatchWithiPhoneApp.swift */ = {isa = PBXFileReference; lastKnownFileType = sourcecode.swift; path = WatchWithiPhoneApp.swift; sourceTree = "<group>"; };
		76C96E8E27568A9F006DFAF9 /* NotificationController.swift */ = {isa = PBXFileReference; lastKnownFileType = sourcecode.swift; path = NotificationController.swift; sourceTree = "<group>"; };
		76C96E9027568A9F006DFAF9 /* NotificationView.swift */ = {isa = PBXFileReference; lastKnownFileType = sourcecode.swift; path = NotificationView.swift; sourceTree = "<group>"; };
		76C96E9227568A9F006DFAF9 /* ComplicationController.swift */ = {isa = PBXFileReference; lastKnownFileType = sourcecode.swift; path = ComplicationController.swift; sourceTree = "<group>"; };
		76C96E9427568AA0006DFAF9 /* Assets.xcassets */ = {isa = PBXFileReference; lastKnownFileType = folder.assetcatalog; path = Assets.xcassets; sourceTree = "<group>"; };
		76C96E9727568AA0006DFAF9 /* Preview Assets.xcassets */ = {isa = PBXFileReference; lastKnownFileType = folder.assetcatalog; path = "Preview Assets.xcassets"; sourceTree = "<group>"; };
		76C96E9927568AA0006DFAF9 /* Info.plist */ = {isa = PBXFileReference; lastKnownFileType = text.plist.xml; path = Info.plist; sourceTree = "<group>"; };
		76C96E9A27568AA0006DFAF9 /* PushNotificationPayload.apns */ = {isa = PBXFileReference; lastKnownFileType = text; path = PushNotificationPayload.apns; sourceTree = "<group>"; };
		76C96EB92756A7D0006DFAF9 /* JokeService.swift */ = {isa = PBXFileReference; fileEncoding = 4; lastKnownFileType = sourcecode.swift; name = JokeService.swift; path = ../macos/macos/JokeService.swift; sourceTree = "<group>"; };
		76C96EC12756BDFB006DFAF9 /* StairWidgetExtension.appex */ = {isa = PBXFileReference; explicitFileType = "wrapper.app-extension"; includeInIndex = 0; path = StairWidgetExtension.appex; sourceTree = BUILT_PRODUCTS_DIR; };
		76C96EC32756BDFB006DFAF9 /* WidgetKit.framework */ = {isa = PBXFileReference; lastKnownFileType = wrapper.framework; name = WidgetKit.framework; path = System/Library/Frameworks/WidgetKit.framework; sourceTree = SDKROOT; };
		76C96EC52756BDFB006DFAF9 /* SwiftUI.framework */ = {isa = PBXFileReference; lastKnownFileType = wrapper.framework; name = SwiftUI.framework; path = System/Library/Frameworks/SwiftUI.framework; sourceTree = SDKROOT; };
		76C96EC82756BDFB006DFAF9 /* StairWidget.swift */ = {isa = PBXFileReference; lastKnownFileType = sourcecode.swift; path = StairWidget.swift; sourceTree = "<group>"; };
		76C96ECA2756BDFB006DFAF9 /* StairWidget.intentdefinition */ = {isa = PBXFileReference; lastKnownFileType = file.intentdefinition; path = StairWidget.intentdefinition; sourceTree = "<group>"; };
		76C96ECB2756BDFD006DFAF9 /* Assets.xcassets */ = {isa = PBXFileReference; lastKnownFileType = folder.assetcatalog; path = Assets.xcassets; sourceTree = "<group>"; };
		76C96ECD2756BDFD006DFAF9 /* Info.plist */ = {isa = PBXFileReference; lastKnownFileType = text.plist.xml; path = Info.plist; sourceTree = "<group>"; };
/* End PBXFileReference section */

/* Begin PBXFrameworksBuildPhase section */
		76C96E6927568A9C006DFAF9 /* Frameworks */ = {
			isa = PBXFrameworksBuildPhase;
			buildActionMask = 2147483647;
			files = (
			);
			runOnlyForDeploymentPostprocessing = 0;
		};
		76C96E8227568A9F006DFAF9 /* Frameworks */ = {
			isa = PBXFrameworksBuildPhase;
			buildActionMask = 2147483647;
			files = (
			);
			runOnlyForDeploymentPostprocessing = 0;
		};
		76C96EBE2756BDFB006DFAF9 /* Frameworks */ = {
			isa = PBXFrameworksBuildPhase;
			buildActionMask = 2147483647;
			files = (
				76C96EC62756BDFB006DFAF9 /* SwiftUI.framework in Frameworks */,
				76C96EC42756BDFB006DFAF9 /* WidgetKit.framework in Frameworks */,
			);
			runOnlyForDeploymentPostprocessing = 0;
		};
/* End PBXFrameworksBuildPhase section */

/* Begin PBXGroup section */
		76C96E6327568A9B006DFAF9 = {
			isa = PBXGroup;
			children = (
				76C96EB92756A7D0006DFAF9 /* JokeService.swift */,
				76C96E7127568A9C006DFAF9 /* ContentView.swift */,
				76C96E6E27568A9C006DFAF9 /* WatchWithiPhone */,
				76C96E7E27568A9E006DFAF9 /* WatchWithiPhone WatchKit App */,
				76C96E8927568A9F006DFAF9 /* WatchWithiPhone WatchKit Extension */,
				76C96EC72756BDFB006DFAF9 /* StairWidget */,
				76C96EC22756BDFB006DFAF9 /* Frameworks */,
				76C96E6D27568A9C006DFAF9 /* Products */,
			);
			sourceTree = "<group>";
		};
		76C96E6D27568A9C006DFAF9 /* Products */ = {
			isa = PBXGroup;
			children = (
				76C96E6C27568A9C006DFAF9 /* WatchWithiPhone.app */,
				76C96E7A27568A9E006DFAF9 /* WatchWithiPhone WatchKit App.app */,
				76C96E8527568A9F006DFAF9 /* WatchWithiPhone WatchKit Extension.appex */,
				76C96EC12756BDFB006DFAF9 /* StairWidgetExtension.appex */,
			);
			name = Products;
			sourceTree = "<group>";
		};
		76C96E6E27568A9C006DFAF9 /* WatchWithiPhone */ = {
			isa = PBXGroup;
			children = (
				7684D1452756D16B00FCEBB1 /* Info.plist */,
				76C96E6F27568A9C006DFAF9 /* WatchWithiPhoneApp.swift */,
				76C96E7327568A9E006DFAF9 /* Assets.xcassets */,
				76C96E7527568A9E006DFAF9 /* Preview Content */,
			);
			path = WatchWithiPhone;
			sourceTree = "<group>";
		};
		76C96E7527568A9E006DFAF9 /* Preview Content */ = {
			isa = PBXGroup;
			children = (
				76C96E7627568A9E006DFAF9 /* Preview Assets.xcassets */,
			);
			path = "Preview Content";
			sourceTree = "<group>";
		};
		76C96E7E27568A9E006DFAF9 /* WatchWithiPhone WatchKit App */ = {
			isa = PBXGroup;
			children = (
				76C96E7F27568A9F006DFAF9 /* Assets.xcassets */,
			);
			path = "WatchWithiPhone WatchKit App";
			sourceTree = "<group>";
		};
		76C96E8927568A9F006DFAF9 /* WatchWithiPhone WatchKit Extension */ = {
			isa = PBXGroup;
			children = (
				76C96E8A27568A9F006DFAF9 /* WatchWithiPhoneApp.swift */,
				76C96E8E27568A9F006DFAF9 /* NotificationController.swift */,
				76C96E9027568A9F006DFAF9 /* NotificationView.swift */,
				76C96E9227568A9F006DFAF9 /* ComplicationController.swift */,
				76C96E9427568AA0006DFAF9 /* Assets.xcassets */,
				76C96E9927568AA0006DFAF9 /* Info.plist */,
				76C96E9A27568AA0006DFAF9 /* PushNotificationPayload.apns */,
				76C96E9627568AA0006DFAF9 /* Preview Content */,
			);
			path = "WatchWithiPhone WatchKit Extension";
			sourceTree = "<group>";
		};
		76C96E9627568AA0006DFAF9 /* Preview Content */ = {
			isa = PBXGroup;
			children = (
				76C96E9727568AA0006DFAF9 /* Preview Assets.xcassets */,
			);
			path = "Preview Content";
			sourceTree = "<group>";
		};
		76C96EC22756BDFB006DFAF9 /* Frameworks */ = {
			isa = PBXGroup;
			children = (
				76C96EC32756BDFB006DFAF9 /* WidgetKit.framework */,
				76C96EC52756BDFB006DFAF9 /* SwiftUI.framework */,
			);
			name = Frameworks;
			sourceTree = "<group>";
		};
		76C96EC72756BDFB006DFAF9 /* StairWidget */ = {
			isa = PBXGroup;
			children = (
				76C96EC82756BDFB006DFAF9 /* StairWidget.swift */,
				76C96ECA2756BDFB006DFAF9 /* StairWidget.intentdefinition */,
				76C96ECB2756BDFD006DFAF9 /* Assets.xcassets */,
				76C96ECD2756BDFD006DFAF9 /* Info.plist */,
			);
			path = StairWidget;
			sourceTree = "<group>";
		};
/* End PBXGroup section */

/* Begin PBXNativeTarget section */
		76C96E6B27568A9C006DFAF9 /* WatchWithiPhone */ = {
			isa = PBXNativeTarget;
			buildConfigurationList = 76C96EA527568AA0006DFAF9 /* Build configuration list for PBXNativeTarget "WatchWithiPhone" */;
			buildPhases = (
				76C96E6827568A9C006DFAF9 /* Sources */,
				76C96E6927568A9C006DFAF9 /* Frameworks */,
				76C96E6A27568A9C006DFAF9 /* Resources */,
				76C96EA427568AA0006DFAF9 /* Embed Watch Content */,
				76C96ED62756BDFD006DFAF9 /* Embed App Extensions */,
				7684D15C2758098F00FCEBB1 /* Embed App Clips */,
			);
			buildRules = (
			);
			dependencies = (
				76C96E7D27568A9E006DFAF9 /* PBXTargetDependency */,
				76C96ED12756BDFD006DFAF9 /* PBXTargetDependency */,
			);
			name = WatchWithiPhone;
			productName = WatchWithiPhone;
			productReference = 76C96E6C27568A9C006DFAF9 /* WatchWithiPhone.app */;
			productType = "com.apple.product-type.application";
		};
		76C96E7927568A9E006DFAF9 /* WatchWithiPhone WatchKit App */ = {
			isa = PBXNativeTarget;
			buildConfigurationList = 76C96EA127568AA0006DFAF9 /* Build configuration list for PBXNativeTarget "WatchWithiPhone WatchKit App" */;
			buildPhases = (
				76C96E7827568A9E006DFAF9 /* Resources */,
				76C96EA027568AA0006DFAF9 /* Embed App Extensions */,
			);
			buildRules = (
			);
			dependencies = (
				76C96E8827568A9F006DFAF9 /* PBXTargetDependency */,
			);
			name = "WatchWithiPhone WatchKit App";
			productName = "WatchWithiPhone WatchKit App";
			productReference = 76C96E7A27568A9E006DFAF9 /* WatchWithiPhone WatchKit App.app */;
			productType = "com.apple.product-type.application.watchapp2";
		};
		76C96E8427568A9F006DFAF9 /* WatchWithiPhone WatchKit Extension */ = {
			isa = PBXNativeTarget;
			buildConfigurationList = 76C96E9D27568AA0006DFAF9 /* Build configuration list for PBXNativeTarget "WatchWithiPhone WatchKit Extension" */;
			buildPhases = (
				76C96E8127568A9F006DFAF9 /* Sources */,
				76C96E8227568A9F006DFAF9 /* Frameworks */,
				76C96E8327568A9F006DFAF9 /* Resources */,
			);
			buildRules = (
			);
			dependencies = (
			);
			name = "WatchWithiPhone WatchKit Extension";
			productName = "WatchWithiPhone WatchKit Extension";
			productReference = 76C96E8527568A9F006DFAF9 /* WatchWithiPhone WatchKit Extension.appex */;
			productType = "com.apple.product-type.watchkit2-extension";
		};
		76C96EC02756BDFB006DFAF9 /* StairWidgetExtension */ = {
			isa = PBXNativeTarget;
			buildConfigurationList = 76C96ED32756BDFD006DFAF9 /* Build configuration list for PBXNativeTarget "StairWidgetExtension" */;
			buildPhases = (
				76C96EBD2756BDFB006DFAF9 /* Sources */,
				76C96EBE2756BDFB006DFAF9 /* Frameworks */,
				76C96EBF2756BDFB006DFAF9 /* Resources */,
			);
			buildRules = (
			);
			dependencies = (
			);
			name = StairWidgetExtension;
			productName = StairWidgetExtension;
			productReference = 76C96EC12756BDFB006DFAF9 /* StairWidgetExtension.appex */;
			productType = "com.apple.product-type.app-extension";
		};
/* End PBXNativeTarget section */

/* Begin PBXProject section */
		76C96E6427568A9B006DFAF9 /* Project object */ = {
			isa = PBXProject;
			attributes = {
				BuildIndependentTargetsInParallel = 1;
				LastSwiftUpdateCheck = 1310;
				LastUpgradeCheck = 1310;
				TargetAttributes = {
					76C96E6B27568A9C006DFAF9 = {
						CreatedOnToolsVersion = 13.1;
					};
					76C96E7927568A9E006DFAF9 = {
						CreatedOnToolsVersion = 13.1;
					};
					76C96E8427568A9F006DFAF9 = {
						CreatedOnToolsVersion = 13.1;
					};
					76C96EC02756BDFB006DFAF9 = {
						CreatedOnToolsVersion = 13.1;
					};
				};
			};
			buildConfigurationList = 76C96E6727568A9B006DFAF9 /* Build configuration list for PBXProject "WatchWithiPhone" */;
			compatibilityVersion = "Xcode 13.0";
			developmentRegion = en;
			hasScannedForEncodings = 0;
			knownRegions = (
				en,
				Base,
			);
			mainGroup = 76C96E6327568A9B006DFAF9;
			productRefGroup = 76C96E6D27568A9C006DFAF9 /* Products */;
			projectDirPath = "";
			projectRoot = "";
			targets = (
				76C96E6B27568A9C006DFAF9 /* WatchWithiPhone */,
				76C96E7927568A9E006DFAF9 /* WatchWithiPhone WatchKit App */,
				76C96E8427568A9F006DFAF9 /* WatchWithiPhone WatchKit Extension */,
				76C96EC02756BDFB006DFAF9 /* StairWidgetExtension */,
			);
		};
/* End PBXProject section */

/* Begin PBXResourcesBuildPhase section */
		76C96E6A27568A9C006DFAF9 /* Resources */ = {
			isa = PBXResourcesBuildPhase;
			buildActionMask = 2147483647;
			files = (
				76C96E7727568A9E006DFAF9 /* Preview Assets.xcassets in Resources */,
				76C96E7427568A9E006DFAF9 /* Assets.xcassets in Resources */,
			);
			runOnlyForDeploymentPostprocessing = 0;
		};
		76C96E7827568A9E006DFAF9 /* Resources */ = {
			isa = PBXResourcesBuildPhase;
			buildActionMask = 2147483647;
			files = (
				76C96E8027568A9F006DFAF9 /* Assets.xcassets in Resources */,
			);
			runOnlyForDeploymentPostprocessing = 0;
		};
		76C96E8327568A9F006DFAF9 /* Resources */ = {
			isa = PBXResourcesBuildPhase;
			buildActionMask = 2147483647;
			files = (
				76C96E9827568AA0006DFAF9 /* Preview Assets.xcassets in Resources */,
				76C96E9527568AA0006DFAF9 /* Assets.xcassets in Resources */,
			);
			runOnlyForDeploymentPostprocessing = 0;
		};
		76C96EBF2756BDFB006DFAF9 /* Resources */ = {
			isa = PBXResourcesBuildPhase;
			buildActionMask = 2147483647;
			files = (
				76C96ECC2756BDFD006DFAF9 /* Assets.xcassets in Resources */,
			);
			runOnlyForDeploymentPostprocessing = 0;
		};
/* End PBXResourcesBuildPhase section */

/* Begin PBXSourcesBuildPhase section */
		76C96E6827568A9C006DFAF9 /* Sources */ = {
			isa = PBXSourcesBuildPhase;
			buildActionMask = 2147483647;
			files = (
				76C96ECF2756BDFD006DFAF9 /* StairWidget.intentdefinition in Sources */,
				76C96EBA2756A7D0006DFAF9 /* JokeService.swift in Sources */,
				76C96E7227568A9C006DFAF9 /* ContentView.swift in Sources */,
				76C96E7027568A9C006DFAF9 /* WatchWithiPhoneApp.swift in Sources */,
			);
			runOnlyForDeploymentPostprocessing = 0;
		};
		76C96E8127568A9F006DFAF9 /* Sources */ = {
			isa = PBXSourcesBuildPhase;
			buildActionMask = 2147483647;
			files = (
				76C96EBB2756A7D0006DFAF9 /* JokeService.swift in Sources */,
				76C96E8F27568A9F006DFAF9 /* NotificationController.swift in Sources */,
				76C96EBC2756B077006DFAF9 /* ContentView.swift in Sources */,
				76C96E9327568A9F006DFAF9 /* ComplicationController.swift in Sources */,
				76C96E8B27568A9F006DFAF9 /* WatchWithiPhoneApp.swift in Sources */,
				76C96E9127568A9F006DFAF9 /* NotificationView.swift in Sources */,
			);
			runOnlyForDeploymentPostprocessing = 0;
		};
		76C96EBD2756BDFB006DFAF9 /* Sources */ = {
			isa = PBXSourcesBuildPhase;
			buildActionMask = 2147483647;
			files = (
				76C96ECE2756BDFD006DFAF9 /* StairWidget.intentdefinition in Sources */,
				76C96EC92756BDFB006DFAF9 /* StairWidget.swift in Sources */,
			);
			runOnlyForDeploymentPostprocessing = 0;
		};
/* End PBXSourcesBuildPhase section */

/* Begin PBXTargetDependency section */
		76C96E7D27568A9E006DFAF9 /* PBXTargetDependency */ = {
			isa = PBXTargetDependency;
			target = 76C96E7927568A9E006DFAF9 /* WatchWithiPhone WatchKit App */;
			targetProxy = 76C96E7C27568A9E006DFAF9 /* PBXContainerItemProxy */;
		};
		76C96E8827568A9F006DFAF9 /* PBXTargetDependency */ = {
			isa = PBXTargetDependency;
			target = 76C96E8427568A9F006DFAF9 /* WatchWithiPhone WatchKit Extension */;
			targetProxy = 76C96E8727568A9F006DFAF9 /* PBXContainerItemProxy */;
		};
		76C96ED12756BDFD006DFAF9 /* PBXTargetDependency */ = {
			isa = PBXTargetDependency;
			target = 76C96EC02756BDFB006DFAF9 /* StairWidgetExtension */;
			targetProxy = 76C96ED02756BDFD006DFAF9 /* PBXContainerItemProxy */;
		};
/* End PBXTargetDependency section */

/* Begin XCBuildConfiguration section */
		76C96E9B27568AA0006DFAF9 /* Debug */ = {
			isa = XCBuildConfiguration;
			buildSettings = {
				ALWAYS_SEARCH_USER_PATHS = NO;
				CLANG_ANALYZER_NONNULL = YES;
				CLANG_ANALYZER_NUMBER_OBJECT_CONVERSION = YES_AGGRESSIVE;
				CLANG_CXX_LANGUAGE_STANDARD = "gnu++17";
				CLANG_CXX_LIBRARY = "libc++";
				CLANG_ENABLE_MODULES = YES;
				CLANG_ENABLE_OBJC_ARC = YES;
				CLANG_ENABLE_OBJC_WEAK = YES;
				CLANG_WARN_BLOCK_CAPTURE_AUTORELEASING = YES;
				CLANG_WARN_BOOL_CONVERSION = YES;
				CLANG_WARN_COMMA = YES;
				CLANG_WARN_CONSTANT_CONVERSION = YES;
				CLANG_WARN_DEPRECATED_OBJC_IMPLEMENTATIONS = YES;
				CLANG_WARN_DIRECT_OBJC_ISA_USAGE = YES_ERROR;
				CLANG_WARN_DOCUMENTATION_COMMENTS = YES;
				CLANG_WARN_EMPTY_BODY = YES;
				CLANG_WARN_ENUM_CONVERSION = YES;
				CLANG_WARN_INFINITE_RECURSION = YES;
				CLANG_WARN_INT_CONVERSION = YES;
				CLANG_WARN_NON_LITERAL_NULL_CONVERSION = YES;
				CLANG_WARN_OBJC_IMPLICIT_RETAIN_SELF = YES;
				CLANG_WARN_OBJC_LITERAL_CONVERSION = YES;
				CLANG_WARN_OBJC_ROOT_CLASS = YES_ERROR;
				CLANG_WARN_QUOTED_INCLUDE_IN_FRAMEWORK_HEADER = YES;
				CLANG_WARN_RANGE_LOOP_ANALYSIS = YES;
				CLANG_WARN_STRICT_PROTOTYPES = YES;
				CLANG_WARN_SUSPICIOUS_MOVE = YES;
				CLANG_WARN_UNGUARDED_AVAILABILITY = YES_AGGRESSIVE;
				CLANG_WARN_UNREACHABLE_CODE = YES;
				CLANG_WARN__DUPLICATE_METHOD_MATCH = YES;
				COPY_PHASE_STRIP = NO;
				DEBUG_INFORMATION_FORMAT = dwarf;
				ENABLE_STRICT_OBJC_MSGSEND = YES;
				ENABLE_TESTABILITY = YES;
				GCC_C_LANGUAGE_STANDARD = gnu11;
				GCC_DYNAMIC_NO_PIC = NO;
				GCC_NO_COMMON_BLOCKS = YES;
				GCC_OPTIMIZATION_LEVEL = 0;
				GCC_PREPROCESSOR_DEFINITIONS = (
					"DEBUG=1",
					"$(inherited)",
				);
				GCC_WARN_64_TO_32_BIT_CONVERSION = YES;
				GCC_WARN_ABOUT_RETURN_TYPE = YES_ERROR;
				GCC_WARN_UNDECLARED_SELECTOR = YES;
				GCC_WARN_UNINITIALIZED_AUTOS = YES_AGGRESSIVE;
				GCC_WARN_UNUSED_FUNCTION = YES;
				GCC_WARN_UNUSED_VARIABLE = YES;
				MTL_ENABLE_DEBUG_INFO = INCLUDE_SOURCE;
				MTL_FAST_MATH = YES;
				ONLY_ACTIVE_ARCH = YES;
				SWIFT_ACTIVE_COMPILATION_CONDITIONS = DEBUG;
				SWIFT_OPTIMIZATION_LEVEL = "-Onone";
			};
			name = Debug;
		};
		76C96E9C27568AA0006DFAF9 /* Release */ = {
			isa = XCBuildConfiguration;
			buildSettings = {
				ALWAYS_SEARCH_USER_PATHS = NO;
				CLANG_ANALYZER_NONNULL = YES;
				CLANG_ANALYZER_NUMBER_OBJECT_CONVERSION = YES_AGGRESSIVE;
				CLANG_CXX_LANGUAGE_STANDARD = "gnu++17";
				CLANG_CXX_LIBRARY = "libc++";
				CLANG_ENABLE_MODULES = YES;
				CLANG_ENABLE_OBJC_ARC = YES;
				CLANG_ENABLE_OBJC_WEAK = YES;
				CLANG_WARN_BLOCK_CAPTURE_AUTORELEASING = YES;
				CLANG_WARN_BOOL_CONVERSION = YES;
				CLANG_WARN_COMMA = YES;
				CLANG_WARN_CONSTANT_CONVERSION = YES;
				CLANG_WARN_DEPRECATED_OBJC_IMPLEMENTATIONS = YES;
				CLANG_WARN_DIRECT_OBJC_ISA_USAGE = YES_ERROR;
				CLANG_WARN_DOCUMENTATION_COMMENTS = YES;
				CLANG_WARN_EMPTY_BODY = YES;
				CLANG_WARN_ENUM_CONVERSION = YES;
				CLANG_WARN_INFINITE_RECURSION = YES;
				CLANG_WARN_INT_CONVERSION = YES;
				CLANG_WARN_NON_LITERAL_NULL_CONVERSION = YES;
				CLANG_WARN_OBJC_IMPLICIT_RETAIN_SELF = YES;
				CLANG_WARN_OBJC_LITERAL_CONVERSION = YES;
				CLANG_WARN_OBJC_ROOT_CLASS = YES_ERROR;
				CLANG_WARN_QUOTED_INCLUDE_IN_FRAMEWORK_HEADER = YES;
				CLANG_WARN_RANGE_LOOP_ANALYSIS = YES;
				CLANG_WARN_STRICT_PROTOTYPES = YES;
				CLANG_WARN_SUSPICIOUS_MOVE = YES;
				CLANG_WARN_UNGUARDED_AVAILABILITY = YES_AGGRESSIVE;
				CLANG_WARN_UNREACHABLE_CODE = YES;
				CLANG_WARN__DUPLICATE_METHOD_MATCH = YES;
				COPY_PHASE_STRIP = NO;
				DEBUG_INFORMATION_FORMAT = "dwarf-with-dsym";
				ENABLE_NS_ASSERTIONS = NO;
				ENABLE_STRICT_OBJC_MSGSEND = YES;
				GCC_C_LANGUAGE_STANDARD = gnu11;
				GCC_NO_COMMON_BLOCKS = YES;
				GCC_WARN_64_TO_32_BIT_CONVERSION = YES;
				GCC_WARN_ABOUT_RETURN_TYPE = YES_ERROR;
				GCC_WARN_UNDECLARED_SELECTOR = YES;
				GCC_WARN_UNINITIALIZED_AUTOS = YES_AGGRESSIVE;
				GCC_WARN_UNUSED_FUNCTION = YES;
				GCC_WARN_UNUSED_VARIABLE = YES;
				MTL_ENABLE_DEBUG_INFO = NO;
				MTL_FAST_MATH = YES;
				SWIFT_COMPILATION_MODE = wholemodule;
				SWIFT_OPTIMIZATION_LEVEL = "-O";
			};
			name = Release;
		};
		76C96E9E27568AA0006DFAF9 /* Debug */ = {
			isa = XCBuildConfiguration;
			buildSettings = {
				ASSETCATALOG_COMPILER_COMPLICATION_NAME = Complication;
				CODE_SIGN_STYLE = Automatic;
				CURRENT_PROJECT_VERSION = 1;
				DEVELOPMENT_ASSET_PATHS = "\"WatchWithiPhone WatchKit Extension/Preview Content\"";
				DEVELOPMENT_TEAM = AAR7TFFG9U;
				ENABLE_PREVIEWS = YES;
				GENERATE_INFOPLIST_FILE = YES;
				INFOPLIST_FILE = "WatchWithiPhone WatchKit Extension/Info.plist";
				INFOPLIST_KEY_CFBundleDisplayName = "WatchWithiPhone WatchKit Extension";
				INFOPLIST_KEY_CLKComplicationPrincipalClass = "$(PRODUCT_MODULE_NAME).ComplicationController";
				INFOPLIST_KEY_NSHumanReadableCopyright = "";
				INFOPLIST_KEY_WKRunsIndependentlyOfCompanionApp = YES;
				LD_RUNPATH_SEARCH_PATHS = (
					"$(inherited)",
					"@executable_path/Frameworks",
					"@executable_path/../../Frameworks",
				);
				MARKETING_VERSION = 1.0;
				PRODUCT_BUNDLE_IDENTIFIER = com.tfp.tvos.WatchWithiPhone.watchkitapp.watchkitextension;
				PRODUCT_NAME = "${TARGET_NAME}";
				SDKROOT = watchos;
				SKIP_INSTALL = YES;
				SWIFT_EMIT_LOC_STRINGS = YES;
				SWIFT_VERSION = 5.0;
				TARGETED_DEVICE_FAMILY = 4;
				WATCHOS_DEPLOYMENT_TARGET = 8.0;
			};
			name = Debug;
		};
		76C96E9F27568AA0006DFAF9 /* Release */ = {
			isa = XCBuildConfiguration;
			buildSettings = {
				ASSETCATALOG_COMPILER_COMPLICATION_NAME = Complication;
				CODE_SIGN_STYLE = Automatic;
				CURRENT_PROJECT_VERSION = 1;
				DEVELOPMENT_ASSET_PATHS = "\"WatchWithiPhone WatchKit Extension/Preview Content\"";
				DEVELOPMENT_TEAM = AAR7TFFG9U;
				ENABLE_PREVIEWS = YES;
				GENERATE_INFOPLIST_FILE = YES;
				INFOPLIST_FILE = "WatchWithiPhone WatchKit Extension/Info.plist";
				INFOPLIST_KEY_CFBundleDisplayName = "WatchWithiPhone WatchKit Extension";
				INFOPLIST_KEY_CLKComplicationPrincipalClass = "$(PRODUCT_MODULE_NAME).ComplicationController";
				INFOPLIST_KEY_NSHumanReadableCopyright = "";
				INFOPLIST_KEY_WKRunsIndependentlyOfCompanionApp = YES;
				LD_RUNPATH_SEARCH_PATHS = (
					"$(inherited)",
					"@executable_path/Frameworks",
					"@executable_path/../../Frameworks",
				);
				MARKETING_VERSION = 1.0;
				PRODUCT_BUNDLE_IDENTIFIER = com.tfp.tvos.WatchWithiPhone.watchkitapp.watchkitextension;
				PRODUCT_NAME = "${TARGET_NAME}";
				SDKROOT = watchos;
				SKIP_INSTALL = YES;
				SWIFT_EMIT_LOC_STRINGS = YES;
				SWIFT_VERSION = 5.0;
				TARGETED_DEVICE_FAMILY = 4;
				VALIDATE_PRODUCT = YES;
				WATCHOS_DEPLOYMENT_TARGET = 8.0;
			};
			name = Release;
		};
		76C96EA227568AA0006DFAF9 /* Debug */ = {
			isa = XCBuildConfiguration;
			buildSettings = {
				ALWAYS_EMBED_SWIFT_STANDARD_LIBRARIES = YES;
				ASSETCATALOG_COMPILER_APPICON_NAME = AppIcon;
				ASSETCATALOG_COMPILER_GLOBAL_ACCENT_COLOR_NAME = AccentColor;
				CODE_SIGN_STYLE = Automatic;
				CURRENT_PROJECT_VERSION = 1;
				DEVELOPMENT_TEAM = AAR7TFFG9U;
				GENERATE_INFOPLIST_FILE = YES;
				IBSC_MODULE = WatchWithiPhone_WatchKit_Extension;
				INFOPLIST_KEY_CFBundleDisplayName = "WatchWithiPhone WatchKit App";
				INFOPLIST_KEY_UISupportedInterfaceOrientations = "UIInterfaceOrientationPortrait UIInterfaceOrientationPortraitUpsideDown";
				INFOPLIST_KEY_WKCompanionAppBundleIdentifier = com.tfp.tvos.WatchWithiPhone;
				MARKETING_VERSION = 1.0;
				PRODUCT_BUNDLE_IDENTIFIER = com.tfp.tvos.WatchWithiPhone.watchkitapp;
				PRODUCT_NAME = "$(TARGET_NAME)";
				SDKROOT = watchos;
				SKIP_INSTALL = YES;
				SWIFT_EMIT_LOC_STRINGS = YES;
				SWIFT_VERSION = 5.0;
				TARGETED_DEVICE_FAMILY = 4;
				WATCHOS_DEPLOYMENT_TARGET = 8.0;
			};
			name = Debug;
		};
		76C96EA327568AA0006DFAF9 /* Release */ = {
			isa = XCBuildConfiguration;
			buildSettings = {
				ALWAYS_EMBED_SWIFT_STANDARD_LIBRARIES = YES;
				ASSETCATALOG_COMPILER_APPICON_NAME = AppIcon;
				ASSETCATALOG_COMPILER_GLOBAL_ACCENT_COLOR_NAME = AccentColor;
				CODE_SIGN_STYLE = Automatic;
				CURRENT_PROJECT_VERSION = 1;
				DEVELOPMENT_TEAM = AAR7TFFG9U;
				GENERATE_INFOPLIST_FILE = YES;
				IBSC_MODULE = WatchWithiPhone_WatchKit_Extension;
				INFOPLIST_KEY_CFBundleDisplayName = "WatchWithiPhone WatchKit App";
				INFOPLIST_KEY_UISupportedInterfaceOrientations = "UIInterfaceOrientationPortrait UIInterfaceOrientationPortraitUpsideDown";
				INFOPLIST_KEY_WKCompanionAppBundleIdentifier = com.tfp.tvos.WatchWithiPhone;
				MARKETING_VERSION = 1.0;
				PRODUCT_BUNDLE_IDENTIFIER = com.tfp.tvos.WatchWithiPhone.watchkitapp;
				PRODUCT_NAME = "$(TARGET_NAME)";
				SDKROOT = watchos;
				SKIP_INSTALL = YES;
				SWIFT_EMIT_LOC_STRINGS = YES;
				SWIFT_VERSION = 5.0;
				TARGETED_DEVICE_FAMILY = 4;
				VALIDATE_PRODUCT = YES;
				WATCHOS_DEPLOYMENT_TARGET = 8.0;
			};
			name = Release;
		};
		76C96EA627568AA0006DFAF9 /* Debug */ = {
			isa = XCBuildConfiguration;
			buildSettings = {
				ALWAYS_EMBED_SWIFT_STANDARD_LIBRARIES = YES;
				ASSETCATALOG_COMPILER_APPICON_NAME = AppIcon;
				ASSETCATALOG_COMPILER_GLOBAL_ACCENT_COLOR_NAME = AccentColor;
				CODE_SIGN_STYLE = Automatic;
				CURRENT_PROJECT_VERSION = 1;
				DEVELOPMENT_ASSET_PATHS = "\"WatchWithiPhone/Preview Content\"";
				DEVELOPMENT_TEAM = AAR7TFFG9U;
				ENABLE_PREVIEWS = YES;
				GENERATE_INFOPLIST_FILE = YES;
				INFOPLIST_FILE = WatchWithiPhone/Info.plist;
				INFOPLIST_KEY_UIApplicationSceneManifest_Generation = YES;
				INFOPLIST_KEY_UIApplicationSupportsIndirectInputEvents = YES;
				INFOPLIST_KEY_UILaunchScreen_Generation = YES;
				INFOPLIST_KEY_UISupportedInterfaceOrientations_iPad = "UIInterfaceOrientationPortrait UIInterfaceOrientationPortraitUpsideDown UIInterfaceOrientationLandscapeLeft UIInterfaceOrientationLandscapeRight";
				INFOPLIST_KEY_UISupportedInterfaceOrientations_iPhone = "UIInterfaceOrientationPortrait UIInterfaceOrientationLandscapeLeft UIInterfaceOrientationLandscapeRight";
				IPHONEOS_DEPLOYMENT_TARGET = 15.0;
				LD_RUNPATH_SEARCH_PATHS = (
					"$(inherited)",
					"@executable_path/Frameworks",
				);
				MARKETING_VERSION = 1.0;
				PRODUCT_BUNDLE_IDENTIFIER = com.tfp.tvos.WatchWithiPhone;
				PRODUCT_NAME = "$(TARGET_NAME)";
				SDKROOT = iphoneos;
				SWIFT_EMIT_LOC_STRINGS = YES;
				SWIFT_VERSION = 5.0;
				TARGETED_DEVICE_FAMILY = "1,2";
			};
			name = Debug;
		};
		76C96EA727568AA0006DFAF9 /* Release */ = {
			isa = XCBuildConfiguration;
			buildSettings = {
				ALWAYS_EMBED_SWIFT_STANDARD_LIBRARIES = YES;
				ASSETCATALOG_COMPILER_APPICON_NAME = AppIcon;
				ASSETCATALOG_COMPILER_GLOBAL_ACCENT_COLOR_NAME = AccentColor;
				CODE_SIGN_STYLE = Automatic;
				CURRENT_PROJECT_VERSION = 1;
				DEVELOPMENT_ASSET_PATHS = "\"WatchWithiPhone/Preview Content\"";
				DEVELOPMENT_TEAM = AAR7TFFG9U;
				ENABLE_PREVIEWS = YES;
				GENERATE_INFOPLIST_FILE = YES;
				INFOPLIST_FILE = WatchWithiPhone/Info.plist;
				INFOPLIST_KEY_UIApplicationSceneManifest_Generation = YES;
				INFOPLIST_KEY_UIApplicationSupportsIndirectInputEvents = YES;
				INFOPLIST_KEY_UILaunchScreen_Generation = YES;
				INFOPLIST_KEY_UISupportedInterfaceOrientations_iPad = "UIInterfaceOrientationPortrait UIInterfaceOrientationPortraitUpsideDown UIInterfaceOrientationLandscapeLeft UIInterfaceOrientationLandscapeRight";
				INFOPLIST_KEY_UISupportedInterfaceOrientations_iPhone = "UIInterfaceOrientationPortrait UIInterfaceOrientationLandscapeLeft UIInterfaceOrientationLandscapeRight";
				IPHONEOS_DEPLOYMENT_TARGET = 15.0;
				LD_RUNPATH_SEARCH_PATHS = (
					"$(inherited)",
					"@executable_path/Frameworks",
				);
				MARKETING_VERSION = 1.0;
				PRODUCT_BUNDLE_IDENTIFIER = com.tfp.tvos.WatchWithiPhone;
				PRODUCT_NAME = "$(TARGET_NAME)";
				SDKROOT = iphoneos;
				SWIFT_EMIT_LOC_STRINGS = YES;
				SWIFT_VERSION = 5.0;
				TARGETED_DEVICE_FAMILY = "1,2";
				VALIDATE_PRODUCT = YES;
			};
			name = Release;
		};
		76C96ED42756BDFD006DFAF9 /* Debug */ = {
			isa = XCBuildConfiguration;
			buildSettings = {
				ASSETCATALOG_COMPILER_GLOBAL_ACCENT_COLOR_NAME = AccentColor;
				ASSETCATALOG_COMPILER_WIDGET_BACKGROUND_COLOR_NAME = WidgetBackground;
				CODE_SIGN_STYLE = Automatic;
				CURRENT_PROJECT_VERSION = 1;
				DEVELOPMENT_TEAM = AAR7TFFG9U;
				GENERATE_INFOPLIST_FILE = YES;
				INFOPLIST_FILE = StairWidget/Info.plist;
				INFOPLIST_KEY_CFBundleDisplayName = StairWidget;
				INFOPLIST_KEY_NSHumanReadableCopyright = "";
				IPHONEOS_DEPLOYMENT_TARGET = 15.0;
				LD_RUNPATH_SEARCH_PATHS = (
					"$(inherited)",
					"@executable_path/Frameworks",
					"@executable_path/../../Frameworks",
				);
				MARKETING_VERSION = 1.0;
				PRODUCT_BUNDLE_IDENTIFIER = com.tfp.tvos.WatchWithiPhone.StairWidget;
				PRODUCT_NAME = "$(TARGET_NAME)";
				SDKROOT = iphoneos;
				SKIP_INSTALL = YES;
				SWIFT_EMIT_LOC_STRINGS = YES;
				SWIFT_VERSION = 5.0;
				TARGETED_DEVICE_FAMILY = "1,2";
			};
			name = Debug;
		};
		76C96ED52756BDFD006DFAF9 /* Release */ = {
			isa = XCBuildConfiguration;
			buildSettings = {
				ASSETCATALOG_COMPILER_GLOBAL_ACCENT_COLOR_NAME = AccentColor;
				ASSETCATALOG_COMPILER_WIDGET_BACKGROUND_COLOR_NAME = WidgetBackground;
				CODE_SIGN_STYLE = Automatic;
				CURRENT_PROJECT_VERSION = 1;
				DEVELOPMENT_TEAM = AAR7TFFG9U;
				GENERATE_INFOPLIST_FILE = YES;
				INFOPLIST_FILE = StairWidget/Info.plist;
				INFOPLIST_KEY_CFBundleDisplayName = StairWidget;
				INFOPLIST_KEY_NSHumanReadableCopyright = "";
				IPHONEOS_DEPLOYMENT_TARGET = 15.0;
				LD_RUNPATH_SEARCH_PATHS = (
					"$(inherited)",
					"@executable_path/Frameworks",
					"@executable_path/../../Frameworks",
				);
				MARKETING_VERSION = 1.0;
				PRODUCT_BUNDLE_IDENTIFIER = com.tfp.tvos.WatchWithiPhone.StairWidget;
				PRODUCT_NAME = "$(TARGET_NAME)";
				SDKROOT = iphoneos;
				SKIP_INSTALL = YES;
				SWIFT_EMIT_LOC_STRINGS = YES;
				SWIFT_VERSION = 5.0;
				TARGETED_DEVICE_FAMILY = "1,2";
				VALIDATE_PRODUCT = YES;
			};
			name = Release;
		};
/* End XCBuildConfiguration section */

/* Begin XCConfigurationList section */
		76C96E6727568A9B006DFAF9 /* Build configuration list for PBXProject "WatchWithiPhone" */ = {
			isa = XCConfigurationList;
			buildConfigurations = (
				76C96E9B27568AA0006DFAF9 /* Debug */,
				76C96E9C27568AA0006DFAF9 /* Release */,
			);
			defaultConfigurationIsVisible = 0;
			defaultConfigurationName = Release;
		};
		76C96E9D27568AA0006DFAF9 /* Build configuration list for PBXNativeTarget "WatchWithiPhone WatchKit Extension" */ = {
			isa = XCConfigurationList;
			buildConfigurations = (
				76C96E9E27568AA0006DFAF9 /* Debug */,
				76C96E9F27568AA0006DFAF9 /* Release */,
			);
			defaultConfigurationIsVisible = 0;
			defaultConfigurationName = Release;
		};
		76C96EA127568AA0006DFAF9 /* Build configuration list for PBXNativeTarget "WatchWithiPhone WatchKit App" */ = {
			isa = XCConfigurationList;
			buildConfigurations = (
				76C96EA227568AA0006DFAF9 /* Debug */,
				76C96EA327568AA0006DFAF9 /* Release */,
			);
			defaultConfigurationIsVisible = 0;
			defaultConfigurationName = Release;
		};
		76C96EA527568AA0006DFAF9 /* Build configuration list for PBXNativeTarget "WatchWithiPhone" */ = {
			isa = XCConfigurationList;
			buildConfigurations = (
				76C96EA627568AA0006DFAF9 /* Debug */,
				76C96EA727568AA0006DFAF9 /* Release */,
			);
			defaultConfigurationIsVisible = 0;
			defaultConfigurationName = Release;
		};
		76C96ED32756BDFD006DFAF9 /* Build configuration list for PBXNativeTarget "StairWidgetExtension" */ = {
			isa = XCConfigurationList;
			buildConfigurations = (
				76C96ED42756BDFD006DFAF9 /* Debug */,
				76C96ED52756BDFD006DFAF9 /* Release */,
			);
			defaultConfigurationIsVisible = 0;
			defaultConfigurationName = Release;
		};
/* End XCConfigurationList section */
	};
	rootObject = 76C96E6427568A9B006DFAF9 /* Project object */;
}
